// !$*UTF8*$!
{
	archiveVersion = 1;
	classes = {
	};
	objectVersion = 56;
	objects = {

/* Begin PBXBuildFile section */
		69CA261C2A9E8099007F05DB /* SuperHeroApp.swift in Sources */ = {isa = PBXBuildFile; fileRef = 69CA261B2A9E8099007F05DB /* SuperHeroApp.swift */; };
		69CA261E2A9E8099007F05DB /* ContentView.swift in Sources */ = {isa = PBXBuildFile; fileRef = 69CA261D2A9E8099007F05DB /* ContentView.swift */; };
		69CA26202A9E8099007F05DB /* Assets.xcassets in Resources */ = {isa = PBXBuildFile; fileRef = 69CA261F2A9E8099007F05DB /* Assets.xcassets */; };
		69CA26232A9E8099007F05DB /* Preview Assets.xcassets in Resources */ = {isa = PBXBuildFile; fileRef = 69CA26222A9E8099007F05DB /* Preview Assets.xcassets */; };
		69CA262D2A9E8099007F05DB /* SuperHeroTests.swift in Sources */ = {isa = PBXBuildFile; fileRef = 69CA262C2A9E8099007F05DB /* SuperHeroTests.swift */; };
		69CA26372A9E8099007F05DB /* SuperHeroUITests.swift in Sources */ = {isa = PBXBuildFile; fileRef = 69CA26362A9E8099007F05DB /* SuperHeroUITests.swift */; };
		69CA26392A9E8099007F05DB /* SuperHeroUITestsLaunchTests.swift in Sources */ = {isa = PBXBuildFile; fileRef = 69CA26382A9E8099007F05DB /* SuperHeroUITestsLaunchTests.swift */; };
		69CA26462A9E81DD007F05DB /* SuperHeroModel.swift in Sources */ = {isa = PBXBuildFile; fileRef = 69CA26452A9E81DD007F05DB /* SuperHeroModel.swift */; };
		69CA26482A9E9F15007F05DB /* SuperHeroView.swift in Sources */ = {isa = PBXBuildFile; fileRef = 69CA26472A9E9F15007F05DB /* SuperHeroView.swift */; };
		69CA264A2A9F446D007F05DB /* SoundPlayer.swift in Sources */ = {isa = PBXBuildFile; fileRef = 69CA26492A9F446D007F05DB /* SoundPlayer.swift */; };
		69CA264C2A9F45AD007F05DB /* chimeup.mp3 in Resources */ = {isa = PBXBuildFile; fileRef = 69CA264B2A9F45AD007F05DB /* chimeup.mp3 */; };
/* End PBXBuildFile section */

/* Begin PBXContainerItemProxy section */
		69CA26292A9E8099007F05DB /* PBXContainerItemProxy */ = {
			isa = PBXContainerItemProxy;
			containerPortal = 69CA26102A9E8098007F05DB /* Project object */;
			proxyType = 1;
			remoteGlobalIDString = 69CA26172A9E8098007F05DB;
			remoteInfo = SuperHero;
		};
		69CA26332A9E8099007F05DB /* PBXContainerItemProxy */ = {
			isa = PBXContainerItemProxy;
			containerPortal = 69CA26102A9E8098007F05DB /* Project object */;
			proxyType = 1;
			remoteGlobalIDString = 69CA26172A9E8098007F05DB;
			remoteInfo = SuperHero;
		};
/* End PBXContainerItemProxy section */

/* Begin PBXFileReference section */
		69CA26182A9E8098007F05DB /* SuperHero.app */ = {isa = PBXFileReference; explicitFileType = wrapper.application; includeInIndex = 0; path = SuperHero.app; sourceTree = BUILT_PRODUCTS_DIR; };
		69CA261B2A9E8099007F05DB /* SuperHeroApp.swift */ = {isa = PBXFileReference; lastKnownFileType = sourcecode.swift; path = SuperHeroApp.swift; sourceTree = "<group>"; };
		69CA261D2A9E8099007F05DB /* ContentView.swift */ = {isa = PBXFileReference; lastKnownFileType = sourcecode.swift; path = ContentView.swift; sourceTree = "<group>"; };
		69CA261F2A9E8099007F05DB /* Assets.xcassets */ = {isa = PBXFileReference; lastKnownFileType = folder.assetcatalog; path = Assets.xcassets; sourceTree = "<group>"; };
		69CA26222A9E8099007F05DB /* Preview Assets.xcassets */ = {isa = PBXFileReference; lastKnownFileType = folder.assetcatalog; path = "Preview Assets.xcassets"; sourceTree = "<group>"; };
		69CA26282A9E8099007F05DB /* SuperHeroTests.xctest */ = {isa = PBXFileReference; explicitFileType = wrapper.cfbundle; includeInIndex = 0; path = SuperHeroTests.xctest; sourceTree = BUILT_PRODUCTS_DIR; };
		69CA262C2A9E8099007F05DB /* SuperHeroTests.swift */ = {isa = PBXFileReference; lastKnownFileType = sourcecode.swift; path = SuperHeroTests.swift; sourceTree = "<group>"; };
		69CA26322A9E8099007F05DB /* SuperHeroUITests.xctest */ = {isa = PBXFileReference; explicitFileType = wrapper.cfbundle; includeInIndex = 0; path = SuperHeroUITests.xctest; sourceTree = BUILT_PRODUCTS_DIR; };
		69CA26362A9E8099007F05DB /* SuperHeroUITests.swift */ = {isa = PBXFileReference; lastKnownFileType = sourcecode.swift; path = SuperHeroUITests.swift; sourceTree = "<group>"; };
		69CA26382A9E8099007F05DB /* SuperHeroUITestsLaunchTests.swift */ = {isa = PBXFileReference; lastKnownFileType = sourcecode.swift; path = SuperHeroUITestsLaunchTests.swift; sourceTree = "<group>"; };
		69CA26452A9E81DD007F05DB /* SuperHeroModel.swift */ = {isa = PBXFileReference; lastKnownFileType = sourcecode.swift; path = SuperHeroModel.swift; sourceTree = "<group>"; };
		69CA26472A9E9F15007F05DB /* SuperHeroView.swift */ = {isa = PBXFileReference; lastKnownFileType = sourcecode.swift; path = SuperHeroView.swift; sourceTree = "<group>"; };
		69CA26492A9F446D007F05DB /* SoundPlayer.swift */ = {isa = PBXFileReference; lastKnownFileType = sourcecode.swift; path = SoundPlayer.swift; sourceTree = "<group>"; };
		69CA264B2A9F45AD007F05DB /* chimeup.mp3 */ = {isa = PBXFileReference; lastKnownFileType = audio.mp3; path = chimeup.mp3; sourceTree = "<group>"; };
/* End PBXFileReference section */

/* Begin PBXFrameworksBuildPhase section */
		69CA26152A9E8098007F05DB /* Frameworks */ = {
			isa = PBXFrameworksBuildPhase;
			buildActionMask = 2147483647;
			files = (
			);
			runOnlyForDeploymentPostprocessing = 0;
		};
		69CA26252A9E8099007F05DB /* Frameworks */ = {
			isa = PBXFrameworksBuildPhase;
			buildActionMask = 2147483647;
			files = (
			);
			runOnlyForDeploymentPostprocessing = 0;
		};
		69CA262F2A9E8099007F05DB /* Frameworks */ = {
			isa = PBXFrameworksBuildPhase;
			buildActionMask = 2147483647;
			files = (
			);
			runOnlyForDeploymentPostprocessing = 0;
		};
/* End PBXFrameworksBuildPhase section */

/* Begin PBXGroup section */
		69CA260F2A9E8098007F05DB = {
			isa = PBXGroup;
			children = (
				69CA261A2A9E8098007F05DB /* SuperHero */,
				69CA262B2A9E8099007F05DB /* SuperHeroTests */,
				69CA26352A9E8099007F05DB /* SuperHeroUITests */,
				69CA26192A9E8098007F05DB /* Products */,
			);
			sourceTree = "<group>";
		};
		69CA26192A9E8098007F05DB /* Products */ = {
			isa = PBXGroup;
			children = (
				69CA26182A9E8098007F05DB /* SuperHero.app */,
				69CA26282A9E8099007F05DB /* SuperHeroTests.xctest */,
				69CA26322A9E8099007F05DB /* SuperHeroUITests.xctest */,
			);
			name = Products;
			sourceTree = "<group>";
		};
		69CA261A2A9E8098007F05DB /* SuperHero */ = {
			isa = PBXGroup;
			children = (
				69CA26512A9F470D007F05DB /* Utilities */,
				69CA26502A9F46FD007F05DB /* Models */,
				69CA264F2A9F46F1007F05DB /* Views */,
				69CA264E2A9F46DC007F05DB /* Components */,
				69CA264D2A9F46D1007F05DB /* Sounds */,
				69CA261F2A9E8099007F05DB /* Assets.xcassets */,
				69CA26212A9E8099007F05DB /* Preview Content */,
			);
			path = SuperHero;
			sourceTree = "<group>";
		};
		69CA26212A9E8099007F05DB /* Preview Content */ = {
			isa = PBXGroup;
			children = (
				69CA26222A9E8099007F05DB /* Preview Assets.xcassets */,
			);
			path = "Preview Content";
			sourceTree = "<group>";
		};
		69CA262B2A9E8099007F05DB /* SuperHeroTests */ = {
			isa = PBXGroup;
			children = (
				69CA262C2A9E8099007F05DB /* SuperHeroTests.swift */,
			);
			path = SuperHeroTests;
			sourceTree = "<group>";
		};
		69CA26352A9E8099007F05DB /* SuperHeroUITests */ = {
			isa = PBXGroup;
			children = (
				69CA26362A9E8099007F05DB /* SuperHeroUITests.swift */,
				69CA26382A9E8099007F05DB /* SuperHeroUITestsLaunchTests.swift */,
			);
			path = SuperHeroUITests;
			sourceTree = "<group>";
		};
		69CA264D2A9F46D1007F05DB /* Sounds */ = {
			isa = PBXGroup;
			children = (
				69CA264B2A9F45AD007F05DB /* chimeup.mp3 */,
			);
			path = Sounds;
			sourceTree = "<group>";
		};
		69CA264E2A9F46DC007F05DB /* Components */ = {
			isa = PBXGroup;
			children = (
				69CA26472A9E9F15007F05DB /* SuperHeroView.swift */,
			);
			path = Components;
			sourceTree = "<group>";
		};
		69CA264F2A9F46F1007F05DB /* Views */ = {
			isa = PBXGroup;
			children = (
				69CA261B2A9E8099007F05DB /* SuperHeroApp.swift */,
				69CA261D2A9E8099007F05DB /* ContentView.swift */,
			);
			path = Views;
			sourceTree = "<group>";
		};
		69CA26502A9F46FD007F05DB /* Models */ = {
			isa = PBXGroup;
			children = (
				69CA26452A9E81DD007F05DB /* SuperHeroModel.swift */,
			);
			path = Models;
			sourceTree = "<group>";
		};
		69CA26512A9F470D007F05DB /* Utilities */ = {
			isa = PBXGroup;
			children = (
				69CA26492A9F446D007F05DB /* SoundPlayer.swift */,
			);
			path = Utilities;
			sourceTree = "<group>";
		};
/* End PBXGroup section */

/* Begin PBXNativeTarget section */
		69CA26172A9E8098007F05DB /* SuperHero */ = {
			isa = PBXNativeTarget;
			buildConfigurationList = 69CA263C2A9E8099007F05DB /* Build configuration list for PBXNativeTarget "SuperHero" */;
			buildPhases = (
				69CA26142A9E8098007F05DB /* Sources */,
				69CA26152A9E8098007F05DB /* Frameworks */,
				69CA26162A9E8098007F05DB /* Resources */,
			);
			buildRules = (
			);
			dependencies = (
			);
			name = SuperHero;
			productName = SuperHero;
			productReference = 69CA26182A9E8098007F05DB /* SuperHero.app */;
			productType = "com.apple.product-type.application";
		};
		69CA26272A9E8099007F05DB /* SuperHeroTests */ = {
			isa = PBXNativeTarget;
			buildConfigurationList = 69CA263F2A9E8099007F05DB /* Build configuration list for PBXNativeTarget "SuperHeroTests" */;
			buildPhases = (
				69CA26242A9E8099007F05DB /* Sources */,
				69CA26252A9E8099007F05DB /* Frameworks */,
				69CA26262A9E8099007F05DB /* Resources */,
			);
			buildRules = (
			);
			dependencies = (
				69CA262A2A9E8099007F05DB /* PBXTargetDependency */,
			);
			name = SuperHeroTests;
			productName = SuperHeroTests;
			productReference = 69CA26282A9E8099007F05DB /* SuperHeroTests.xctest */;
			productType = "com.apple.product-type.bundle.unit-test";
		};
		69CA26312A9E8099007F05DB /* SuperHeroUITests */ = {
			isa = PBXNativeTarget;
			buildConfigurationList = 69CA26422A9E8099007F05DB /* Build configuration list for PBXNativeTarget "SuperHeroUITests" */;
			buildPhases = (
				69CA262E2A9E8099007F05DB /* Sources */,
				69CA262F2A9E8099007F05DB /* Frameworks */,
				69CA26302A9E8099007F05DB /* Resources */,
			);
			buildRules = (
			);
			dependencies = (
				69CA26342A9E8099007F05DB /* PBXTargetDependency */,
			);
			name = SuperHeroUITests;
			productName = SuperHeroUITests;
			productReference = 69CA26322A9E8099007F05DB /* SuperHeroUITests.xctest */;
			productType = "com.apple.product-type.bundle.ui-testing";
		};
/* End PBXNativeTarget section */

/* Begin PBXProject section */
		69CA26102A9E8098007F05DB /* Project object */ = {
			isa = PBXProject;
			attributes = {
				BuildIndependentTargetsInParallel = 1;
				LastSwiftUpdateCheck = 1430;
				LastUpgradeCheck = 1430;
				TargetAttributes = {
					69CA26172A9E8098007F05DB = {
						CreatedOnToolsVersion = 14.3.1;
					};
					69CA26272A9E8099007F05DB = {
						CreatedOnToolsVersion = 14.3.1;
						TestTargetID = 69CA26172A9E8098007F05DB;
					};
					69CA26312A9E8099007F05DB = {
						CreatedOnToolsVersion = 14.3.1;
						TestTargetID = 69CA26172A9E8098007F05DB;
					};
				};
			};
			buildConfigurationList = 69CA26132A9E8098007F05DB /* Build configuration list for PBXProject "SuperHero" */;
			compatibilityVersion = "Xcode 14.0";
			developmentRegion = en;
			hasScannedForEncodings = 0;
			knownRegions = (
				en,
				Base,
			);
			mainGroup = 69CA260F2A9E8098007F05DB;
			productRefGroup = 69CA26192A9E8098007F05DB /* Products */;
			projectDirPath = "";
			projectRoot = "";
			targets = (
				69CA26172A9E8098007F05DB /* SuperHero */,
				69CA26272A9E8099007F05DB /* SuperHeroTests */,
				69CA26312A9E8099007F05DB /* SuperHeroUITests */,
			);
		};
/* End PBXProject section */

/* Begin PBXResourcesBuildPhase section */
		69CA26162A9E8098007F05DB /* Resources */ = {
			isa = PBXResourcesBuildPhase;
			buildActionMask = 2147483647;
			files = (
				69CA264C2A9F45AD007F05DB /* chimeup.mp3 in Resources */,
				69CA26232A9E8099007F05DB /* Preview Assets.xcassets in Resources */,
				69CA26202A9E8099007F05DB /* Assets.xcassets in Resources */,
			);
			runOnlyForDeploymentPostprocessing = 0;
		};
		69CA26262A9E8099007F05DB /* Resources */ = {
			isa = PBXResourcesBuildPhase;
			buildActionMask = 2147483647;
			files = (
			);
			runOnlyForDeploymentPostprocessing = 0;
		};
		69CA26302A9E8099007F05DB /* Resources */ = {
			isa = PBXResourcesBuildPhase;
			buildActionMask = 2147483647;
			files = (
			);
			runOnlyForDeploymentPostprocessing = 0;
		};
/* End PBXResourcesBuildPhase section */

/* Begin PBXSourcesBuildPhase section */
		69CA26142A9E8098007F05DB /* Sources */ = {
			isa = PBXSourcesBuildPhase;
			buildActionMask = 2147483647;
			files = (
				69CA264A2A9F446D007F05DB /* SoundPlayer.swift in Sources */,
				69CA261E2A9E8099007F05DB /* ContentView.swift in Sources */,
				69CA261C2A9E8099007F05DB /* SuperHeroApp.swift in Sources */,
				69CA26482A9E9F15007F05DB /* SuperHeroView.swift in Sources */,
				69CA26462A9E81DD007F05DB /* SuperHeroModel.swift in Sources */,
			);
			runOnlyForDeploymentPostprocessing = 0;
		};
		69CA26242A9E8099007F05DB /* Sources */ = {
			isa = PBXSourcesBuildPhase;
			buildActionMask = 2147483647;
			files = (
				69CA262D2A9E8099007F05DB /* SuperHeroTests.swift in Sources */,
			);
			runOnlyForDeploymentPostprocessing = 0;
		};
		69CA262E2A9E8099007F05DB /* Sources */ = {
			isa = PBXSourcesBuildPhase;
			buildActionMask = 2147483647;
			files = (
				69CA26392A9E8099007F05DB /* SuperHeroUITestsLaunchTests.swift in Sources */,
				69CA26372A9E8099007F05DB /* SuperHeroUITests.swift in Sources */,
			);
			runOnlyForDeploymentPostprocessing = 0;
		};
/* End PBXSourcesBuildPhase section */

/* Begin PBXTargetDependency section */
		69CA262A2A9E8099007F05DB /* PBXTargetDependency */ = {
			isa = PBXTargetDependency;
			target = 69CA26172A9E8098007F05DB /* SuperHero */;
			targetProxy = 69CA26292A9E8099007F05DB /* PBXContainerItemProxy */;
		};
		69CA26342A9E8099007F05DB /* PBXTargetDependency */ = {
			isa = PBXTargetDependency;
			target = 69CA26172A9E8098007F05DB /* SuperHero */;
			targetProxy = 69CA26332A9E8099007F05DB /* PBXContainerItemProxy */;
		};
/* End PBXTargetDependency section */

/* Begin XCBuildConfiguration section */
		69CA263A2A9E8099007F05DB /* Debug */ = {
			isa = XCBuildConfiguration;
			buildSettings = {
				ALWAYS_SEARCH_USER_PATHS = NO;
				CLANG_ANALYZER_NONNULL = YES;
				CLANG_ANALYZER_NUMBER_OBJECT_CONVERSION = YES_AGGRESSIVE;
				CLANG_CXX_LANGUAGE_STANDARD = "gnu++20";
				CLANG_ENABLE_MODULES = YES;
				CLANG_ENABLE_OBJC_ARC = YES;
				CLANG_ENABLE_OBJC_WEAK = YES;
				CLANG_WARN_BLOCK_CAPTURE_AUTORELEASING = YES;
				CLANG_WARN_BOOL_CONVERSION = YES;
				CLANG_WARN_COMMA = YES;
				CLANG_WARN_CONSTANT_CONVERSION = YES;
				CLANG_WARN_DEPRECATED_OBJC_IMPLEMENTATIONS = YES;
				CLANG_WARN_DIRECT_OBJC_ISA_USAGE = YES_ERROR;
				CLANG_WARN_DOCUMENTATION_COMMENTS = YES;
				CLANG_WARN_EMPTY_BODY = YES;
				CLANG_WARN_ENUM_CONVERSION = YES;
				CLANG_WARN_INFINITE_RECURSION = YES;
				CLANG_WARN_INT_CONVERSION = YES;
				CLANG_WARN_NON_LITERAL_NULL_CONVERSION = YES;
				CLANG_WARN_OBJC_IMPLICIT_RETAIN_SELF = YES;
				CLANG_WARN_OBJC_LITERAL_CONVERSION = YES;
				CLANG_WARN_OBJC_ROOT_CLASS = YES_ERROR;
				CLANG_WARN_QUOTED_INCLUDE_IN_FRAMEWORK_HEADER = YES;
				CLANG_WARN_RANGE_LOOP_ANALYSIS = YES;
				CLANG_WARN_STRICT_PROTOTYPES = YES;
				CLANG_WARN_SUSPICIOUS_MOVE = YES;
				CLANG_WARN_UNGUARDED_AVAILABILITY = YES_AGGRESSIVE;
				CLANG_WARN_UNREACHABLE_CODE = YES;
				CLANG_WARN__DUPLICATE_METHOD_MATCH = YES;
				COPY_PHASE_STRIP = NO;
				DEBUG_INFORMATION_FORMAT = dwarf;
				ENABLE_STRICT_OBJC_MSGSEND = YES;
				ENABLE_TESTABILITY = YES;
				GCC_C_LANGUAGE_STANDARD = gnu11;
				GCC_DYNAMIC_NO_PIC = NO;
				GCC_NO_COMMON_BLOCKS = YES;
				GCC_OPTIMIZATION_LEVEL = 0;
				GCC_PREPROCESSOR_DEFINITIONS = (
					"DEBUG=1",
					"$(inherited)",
				);
				GCC_WARN_64_TO_32_BIT_CONVERSION = YES;
				GCC_WARN_ABOUT_RETURN_TYPE = YES_ERROR;
				GCC_WARN_UNDECLARED_SELECTOR = YES;
				GCC_WARN_UNINITIALIZED_AUTOS = YES_AGGRESSIVE;
				GCC_WARN_UNUSED_FUNCTION = YES;
				GCC_WARN_UNUSED_VARIABLE = YES;
				IPHONEOS_DEPLOYMENT_TARGET = 16.4;
				MTL_ENABLE_DEBUG_INFO = INCLUDE_SOURCE;
				MTL_FAST_MATH = YES;
				ONLY_ACTIVE_ARCH = YES;
				SDKROOT = iphoneos;
				SWIFT_ACTIVE_COMPILATION_CONDITIONS = DEBUG;
				SWIFT_OPTIMIZATION_LEVEL = "-Onone";
			};
			name = Debug;
		};
		69CA263B2A9E8099007F05DB /* Release */ = {
			isa = XCBuildConfiguration;
			buildSettings = {
				ALWAYS_SEARCH_USER_PATHS = NO;
				CLANG_ANALYZER_NONNULL = YES;
				CLANG_ANALYZER_NUMBER_OBJECT_CONVERSION = YES_AGGRESSIVE;
				CLANG_CXX_LANGUAGE_STANDARD = "gnu++20";
				CLANG_ENABLE_MODULES = YES;
				CLANG_ENABLE_OBJC_ARC = YES;
				CLANG_ENABLE_OBJC_WEAK = YES;
				CLANG_WARN_BLOCK_CAPTURE_AUTORELEASING = YES;
				CLANG_WARN_BOOL_CONVERSION = YES;
				CLANG_WARN_COMMA = YES;
				CLANG_WARN_CONSTANT_CONVERSION = YES;
				CLANG_WARN_DEPRECATED_OBJC_IMPLEMENTATIONS = YES;
				CLANG_WARN_DIRECT_OBJC_ISA_USAGE = YES_ERROR;
				CLANG_WARN_DOCUMENTATION_COMMENTS = YES;
				CLANG_WARN_EMPTY_BODY = YES;
				CLANG_WARN_ENUM_CONVERSION = YES;
				CLANG_WARN_INFINITE_RECURSION = YES;
				CLANG_WARN_INT_CONVERSION = YES;
				CLANG_WARN_NON_LITERAL_NULL_CONVERSION = YES;
				CLANG_WARN_OBJC_IMPLICIT_RETAIN_SELF = YES;
				CLANG_WARN_OBJC_LITERAL_CONVERSION = YES;
				CLANG_WARN_OBJC_ROOT_CLASS = YES_ERROR;
				CLANG_WARN_QUOTED_INCLUDE_IN_FRAMEWORK_HEADER = YES;
				CLANG_WARN_RANGE_LOOP_ANALYSIS = YES;
				CLANG_WARN_STRICT_PROTOTYPES = YES;
				CLANG_WARN_SUSPICIOUS_MOVE = YES;
				CLANG_WARN_UNGUARDED_AVAILABILITY = YES_AGGRESSIVE;
				CLANG_WARN_UNREACHABLE_CODE = YES;
				CLANG_WARN__DUPLICATE_METHOD_MATCH = YES;
				COPY_PHASE_STRIP = NO;
				DEBUG_INFORMATION_FORMAT = "dwarf-with-dsym";
				ENABLE_NS_ASSERTIONS = NO;
				ENABLE_STRICT_OBJC_MSGSEND = YES;
				GCC_C_LANGUAGE_STANDARD = gnu11;
				GCC_NO_COMMON_BLOCKS = YES;
				GCC_WARN_64_TO_32_BIT_CONVERSION = YES;
				GCC_WARN_ABOUT_RETURN_TYPE = YES_ERROR;
				GCC_WARN_UNDECLARED_SELECTOR = YES;
				GCC_WARN_UNINITIALIZED_AUTOS = YES_AGGRESSIVE;
				GCC_WARN_UNUSED_FUNCTION = YES;
				GCC_WARN_UNUSED_VARIABLE = YES;
				IPHONEOS_DEPLOYMENT_TARGET = 16.4;
				MTL_ENABLE_DEBUG_INFO = NO;
				MTL_FAST_MATH = YES;
				SDKROOT = iphoneos;
				SWIFT_COMPILATION_MODE = wholemodule;
				SWIFT_OPTIMIZATION_LEVEL = "-O";
				VALIDATE_PRODUCT = YES;
			};
			name = Release;
		};
		69CA263D2A9E8099007F05DB /* Debug */ = {
			isa = XCBuildConfiguration;
			buildSettings = {
				ASSETCATALOG_COMPILER_APPICON_NAME = AppIcon;
				ASSETCATALOG_COMPILER_GLOBAL_ACCENT_COLOR_NAME = AccentColor;
				CODE_SIGN_STYLE = Automatic;
				CURRENT_PROJECT_VERSION = 1;
				DEVELOPMENT_ASSET_PATHS = "\"SuperHero/Preview Content\"";
				DEVELOPMENT_TEAM = N387Q3N84N;
				ENABLE_PREVIEWS = YES;
				GENERATE_INFOPLIST_FILE = YES;
				INFOPLIST_KEY_UIApplicationSceneManifest_Generation = YES;
				INFOPLIST_KEY_UIApplicationSupportsIndirectInputEvents = YES;
				INFOPLIST_KEY_UILaunchScreen_Generation = YES;
				INFOPLIST_KEY_UISupportedInterfaceOrientations_iPad = "UIInterfaceOrientationPortrait UIInterfaceOrientationPortraitUpsideDown UIInterfaceOrientationLandscapeLeft UIInterfaceOrientationLandscapeRight";
				INFOPLIST_KEY_UISupportedInterfaceOrientations_iPhone = "UIInterfaceOrientationPortrait UIInterfaceOrientationLandscapeLeft UIInterfaceOrientationLandscapeRight";
				LD_RUNPATH_SEARCH_PATHS = (
					"$(inherited)",
					"@executable_path/Frameworks",
				);
				MARKETING_VERSION = 1.0;
				PRODUCT_BUNDLE_IDENTIFIER = com.decodev.SuperHero;
				PRODUCT_NAME = "$(TARGET_NAME)";
				SWIFT_EMIT_LOC_STRINGS = YES;
				SWIFT_VERSION = 5.0;
				TARGETED_DEVICE_FAMILY = "1,2";
			};
			name = Debug;
		};
		69CA263E2A9E8099007F05DB /* Release */ = {
			isa = XCBuildConfiguration;
			buildSettings = {
				ASSETCATALOG_COMPILER_APPICON_NAME = AppIcon;
				ASSETCATALOG_COMPILER_GLOBAL_ACCENT_COLOR_NAME = AccentColor;
				CODE_SIGN_STYLE = Automatic;
				CURRENT_PROJECT_VERSION = 1;
				DEVELOPMENT_ASSET_PATHS = "\"SuperHero/Preview Content\"";
				DEVELOPMENT_TEAM = N387Q3N84N;
				ENABLE_PREVIEWS = YES;
				GENERATE_INFOPLIST_FILE = YES;
				INFOPLIST_KEY_UIApplicationSceneManifest_Generation = YES;
				INFOPLIST_KEY_UIApplicationSupportsIndirectInputEvents = YES;
				INFOPLIST_KEY_UILaunchScreen_Generation = YES;
				INFOPLIST_KEY_UISupportedInterfaceOrientations_iPad = "UIInterfaceOrientationPortrait UIInterfaceOrientationPortraitUpsideDown UIInterfaceOrientationLandscapeLeft UIInterfaceOrientationLandscapeRight";
				INFOPLIST_KEY_UISupportedInterfaceOrientations_iPhone = "UIInterfaceOrientationPortrait UIInterfaceOrientationLandscapeLeft UIInterfaceOrientationLandscapeRight";
				LD_RUNPATH_SEARCH_PATHS = (
					"$(inherited)",
					"@executable_path/Frameworks",
				);
				MARKETING_VERSION = 1.0;
				PRODUCT_BUNDLE_IDENTIFIER = com.decodev.SuperHero;
				PRODUCT_NAME = "$(TARGET_NAME)";
				SWIFT_EMIT_LOC_STRINGS = YES;
				SWIFT_VERSION = 5.0;
				TARGETED_DEVICE_FAMILY = "1,2";
			};
			name = Release;
		};
		69CA26402A9E8099007F05DB /* Debug */ = {
			isa = XCBuildConfiguration;
			buildSettings = {
				ALWAYS_EMBED_SWIFT_STANDARD_LIBRARIES = YES;
				BUNDLE_LOADER = "$(TEST_HOST)";
				CODE_SIGN_STYLE = Automatic;
				CURRENT_PROJECT_VERSION = 1;
				DEVELOPMENT_TEAM = N387Q3N84N;
				GENERATE_INFOPLIST_FILE = YES;
				IPHONEOS_DEPLOYMENT_TARGET = 16.4;
				MARKETING_VERSION = 1.0;
				PRODUCT_BUNDLE_IDENTIFIER = com.decodev.SuperHeroTests;
				PRODUCT_NAME = "$(TARGET_NAME)";
				SWIFT_EMIT_LOC_STRINGS = NO;
				SWIFT_VERSION = 5.0;
				TARGETED_DEVICE_FAMILY = "1,2";
				TEST_HOST = "$(BUILT_PRODUCTS_DIR)/SuperHero.app/$(BUNDLE_EXECUTABLE_FOLDER_PATH)/SuperHero";
			};
			name = Debug;
		};
		69CA26412A9E8099007F05DB /* Release */ = {
			isa = XCBuildConfiguration;
			buildSettings = {
				ALWAYS_EMBED_SWIFT_STANDARD_LIBRARIES = YES;
				BUNDLE_LOADER = "$(TEST_HOST)";
				CODE_SIGN_STYLE = Automatic;
				CURRENT_PROJECT_VERSION = 1;
				DEVELOPMENT_TEAM = N387Q3N84N;
				GENERATE_INFOPLIST_FILE = YES;
				IPHONEOS_DEPLOYMENT_TARGET = 16.4;
				MARKETING_VERSION = 1.0;
				PRODUCT_BUNDLE_IDENTIFIER = com.decodev.SuperHeroTests;
				PRODUCT_NAME = "$(TARGET_NAME)";
				SWIFT_EMIT_LOC_STRINGS = NO;
				SWIFT_VERSION = 5.0;
				TARGETED_DEVICE_FAMILY = "1,2";
				TEST_HOST = "$(BUILT_PRODUCTS_DIR)/SuperHero.app/$(BUNDLE_EXECUTABLE_FOLDER_PATH)/SuperHero";
			};
			name = Release;
		};
		69CA26432A9E8099007F05DB /* Debug */ = {
			isa = XCBuildConfiguration;
			buildSettings = {
				ALWAYS_EMBED_SWIFT_STANDARD_LIBRARIES = YES;
				CODE_SIGN_STYLE = Automatic;
				CURRENT_PROJECT_VERSION = 1;
				DEVELOPMENT_TEAM = N387Q3N84N;
				GENERATE_INFOPLIST_FILE = YES;
				MARKETING_VERSION = 1.0;
				PRODUCT_BUNDLE_IDENTIFIER = com.decodev.SuperHeroUITests;
				PRODUCT_NAME = "$(TARGET_NAME)";
				SWIFT_EMIT_LOC_STRINGS = NO;
				SWIFT_VERSION = 5.0;
				TARGETED_DEVICE_FAMILY = "1,2";
				TEST_TARGET_NAME = SuperHero;
			};
			name = Debug;
		};
		69CA26442A9E8099007F05DB /* Release */ = {
			isa = XCBuildConfiguration;
			buildSettings = {
				ALWAYS_EMBED_SWIFT_STANDARD_LIBRARIES = YES;
				CODE_SIGN_STYLE = Automatic;
				CURRENT_PROJECT_VERSION = 1;
				DEVELOPMENT_TEAM = N387Q3N84N;
				GENERATE_INFOPLIST_FILE = YES;
				MARKETING_VERSION = 1.0;
				PRODUCT_BUNDLE_IDENTIFIER = com.decodev.SuperHeroUITests;
				PRODUCT_NAME = "$(TARGET_NAME)";
				SWIFT_EMIT_LOC_STRINGS = NO;
				SWIFT_VERSION = 5.0;
				TARGETED_DEVICE_FAMILY = "1,2";
				TEST_TARGET_NAME = SuperHero;
			};
			name = Release;
		};
/* End XCBuildConfiguration section */

/* Begin XCConfigurationList section */
		69CA26132A9E8098007F05DB /* Build configuration list for PBXProject "SuperHero" */ = {
			isa = XCConfigurationList;
			buildConfigurations = (
				69CA263A2A9E8099007F05DB /* Debug */,
				69CA263B2A9E8099007F05DB /* Release */,
			);
			defaultConfigurationIsVisible = 0;
			defaultConfigurationName = Release;
		};
		69CA263C2A9E8099007F05DB /* Build configuration list for PBXNativeTarget "SuperHero" */ = {
			isa = XCConfigurationList;
			buildConfigurations = (
				69CA263D2A9E8099007F05DB /* Debug */,
				69CA263E2A9E8099007F05DB /* Release */,
			);
			defaultConfigurationIsVisible = 0;
			defaultConfigurationName = Release;
		};
		69CA263F2A9E8099007F05DB /* Build configuration list for PBXNativeTarget "SuperHeroTests" */ = {
			isa = XCConfigurationList;
			buildConfigurations = (
				69CA26402A9E8099007F05DB /* Debug */,
				69CA26412A9E8099007F05DB /* Release */,
			);
			defaultConfigurationIsVisible = 0;
			defaultConfigurationName = Release;
		};
		69CA26422A9E8099007F05DB /* Build configuration list for PBXNativeTarget "SuperHeroUITests" */ = {
			isa = XCConfigurationList;
			buildConfigurations = (
				69CA26432A9E8099007F05DB /* Debug */,
				69CA26442A9E8099007F05DB /* Release */,
			);
			defaultConfigurationIsVisible = 0;
			defaultConfigurationName = Release;
		};
/* End XCConfigurationList section */
	};
	rootObject = 69CA26102A9E8098007F05DB /* Project object */;
}
